# THIS IS AN AUTOGENERATED FILE. DO NOT EDIT THIS FILE DIRECTLY.
# yarn lockfile v1


"@tauri-apps/api@^2.0.0-rc.4":
  version "2.0.0-rc.6"
  resolved "https://registry.yarnpkg.com/@tauri-apps/api/-/api-2.0.0-rc.6.tgz#586e8dc1aeeb3b676e19b5e56b23a20bee676f15"
  integrity sha512-oENxL0C5WqHNSXWjZEbjnzoBwFFyn8do5S0elOg0ME1cLvWJOAKmqdCnWPpAwtzHQZ+xAzMU0/k8nPpJq4OQYA==

"@tauri-apps/plugin-store@^2.0.0-rc.1":
  version "2.0.0-rc.1"
  resolved "https://registry.yarnpkg.com/@tauri-apps/plugin-store/-/plugin-store-2.0.0-rc.1.tgz#405403638b61f08eee09874dcc4e3afc84dd31fd"
  integrity sha512-rW71Tkr7OifxoL8NkWgPy5Os4Gn3oJTbv/j/nJ03HDuYsq+F4+8kU8o4epRFJnr6VKmgB/2CtiacSC3dnSSRnA==
  dependencies:
    "@tauri-apps/api" "^2.0.0-rc.4"
